# THIS IS AN AUTOGENERATED FILE. DO NOT EDIT THIS FILE DIRECTLY.
# yarn lockfile v1


"@types/node@17.0.10":
  version "17.0.10"
  resolved "https://registry.yarnpkg.com/@types/node/-/node-17.0.10.tgz#616f16e9d3a2a3d618136b1be244315d95bd7cab"
  integrity sha512-S/3xB4KzyFxYGCppyDt68yzBU9ysL88lSdIah4D6cptdcltc4NCPCAMc0+PCpg/lLIyC7IPvj2Z52OJWeIUkog==

jsonc-parser@^2.2.1:
  version "2.2.1"
  resolved "https://registry.yarnpkg.com/jsonc-parser/-/jsonc-parser-2.2.1.tgz#db73cd59d78cce28723199466b2a03d1be1df2bc"
  integrity sha512-o6/yDBYccGvTz1+QFevz6l6OBZ2+fMVu2JZ9CIhzsYRX4mjaK5IyX9eldUdCmga16zlgQxyrj5pt9kzuj2C02w==

vscode-nls@^5.0.0:
  version "5.0.0"
  resolved "https://registry.yarnpkg.com/vscode-nls/-/vscode-nls-5.0.0.tgz#99f0da0bd9ea7cda44e565a74c54b1f2bc257840"
  integrity sha512-u0Lw+IYlgbEJFF6/qAqG2d1jQmJl0eyAGJHoAJqr2HT4M2BNuQYSEiSE75f52pXHSJm8AlTjnLLbBFPrdz2hpA==
